
Microsoft Visual Studio Solution File, Format Version 12.00
# Visual Studio Version 18
VisualStudioVersion = 18.4.11605.240 stable
MinimumVisualStudioVersion = 10.0.40219.1
Project("{FAE04EC0-301F-11D3-BF4B-00C04F79EFBC}") = "VideoCallApp", "VideoCallApp.csproj", "{50EEDE47-3EA9-6795-BCAD-C54EA04FC1ED}"
EndProject
Global
	GlobalSection(SolutionConfigurationPlatforms) = preSolution
		Debug|Any CPU = Debug|Any CPU
		Release|Any CPU = Release|Any CPU
	EndGlobalSection
	GlobalSection(ProjectConfigurationPlatforms) = postSolution
		{50EEDE47-3EA9-6795-BCAD-C54EA04FC1ED}.Debug|Any CPU.ActiveCfg = Debug|Any CPU
		{50EEDE47-3EA9-6795-BCAD-C54EA04FC1ED}.Debug|Any CPU.Build.0 = Debug|Any CPU
		{50EEDE47-3EA9-6795-BCAD-C54EA04FC1ED}.Release|Any CPU.ActiveCfg = Release|Any CPU
		{50EEDE47-3EA9-6795-BCAD-C54EA04FC1ED}.Release|Any CPU.Build.0 = Release|Any CPU
	EndGlobalSection
	GlobalSection(SolutionProperties) = preSolution
		HideSolutionNode = FALSE
	EndGlobalSection
	GlobalSection(ExtensibilityGlobals) = postSolution
		SolutionGuid = {52EB2DA6-9B61-4F50-A834-D92ED9D40DB6}
	EndGlobalSection
EndGlobal
